// !$*UTF8*$!
{
	archiveVersion = 1;
	classes = {
	};
	objectVersion = 50;
	objects = {

/* Begin PBXBuildFile section */
		18866E0522C3C3F700DBE997 /* AppDelegate.swift in Sources */ = {isa = PBXBuildFile; fileRef = 18866E0422C3C3F700DBE997 /* AppDelegate.swift */; };
		18866E0722C3C3F700DBE997 /* ViewController.swift in Sources */ = {isa = PBXBuildFile; fileRef = 18866E0622C3C3F700DBE997 /* ViewController.swift */; };
		18866E0D22C3C3F700DBE997 /* Calendar.xcdatamodeld in Sources */ = {isa = PBXBuildFile; fileRef = 18866E0B22C3C3F700DBE997 /* Calendar.xcdatamodeld */; };
		18866E0F22C3C3F800DBE997 /* Assets.xcassets in Resources */ = {isa = PBXBuildFile; fileRef = 18866E0E22C3C3F800DBE997 /* Assets.xcassets */; };
		18866E1222C3C3F800DBE997 /* LaunchScreen.storyboard in Resources */ = {isa = PBXBuildFile; fileRef = 18866E1022C3C3F800DBE997 /* LaunchScreen.storyboard */; };
		18866E1D22C3C3F900DBE997 /* CalendarTests.swift in Sources */ = {isa = PBXBuildFile; fileRef = 18866E1C22C3C3F900DBE997 /* CalendarTests.swift */; };
		18866E2822C3C3F900DBE997 /* CalendarUITests.swift in Sources */ = {isa = PBXBuildFile; fileRef = 18866E2722C3C3F900DBE997 /* CalendarUITests.swift */; };
		18866E3622C3C5DF00DBE997 /* MonthView.swift in Sources */ = {isa = PBXBuildFile; fileRef = 18866E3522C3C5DF00DBE997 /* MonthView.swift */; };
		18E8FA3D22C3E3EC000B2EC7 /* WeekdaysView.swift in Sources */ = {isa = PBXBuildFile; fileRef = 18E8FA3C22C3E3EC000B2EC7 /* WeekdaysView.swift */; };
		18E8FA3F22C3E93C000B2EC7 /* CalendarView.swift in Sources */ = {isa = PBXBuildFile; fileRef = 18E8FA3E22C3E93C000B2EC7 /* CalendarView.swift */; };
/* End PBXBuildFile section */

/* Begin PBXContainerItemProxy section */
		18866E1922C3C3F900DBE997 /* PBXContainerItemProxy */ = {
			isa = PBXContainerItemProxy;
			containerPortal = 18866DF922C3C3F700DBE997 /* Project object */;
			proxyType = 1;
			remoteGlobalIDString = 18866E0022C3C3F700DBE997;
			remoteInfo = Calendar;
		};
		18866E2422C3C3F900DBE997 /* PBXContainerItemProxy */ = {
			isa = PBXContainerItemProxy;
			containerPortal = 18866DF922C3C3F700DBE997 /* Project object */;
			proxyType = 1;
			remoteGlobalIDString = 18866E0022C3C3F700DBE997;
			remoteInfo = Calendar;
		};
/* End PBXContainerItemProxy section */

/* Begin PBXFileReference section */
		18866E0122C3C3F700DBE997 /* Calendar.app */ = {isa = PBXFileReference; explicitFileType = wrapper.application; includeInIndex = 0; path = Calendar.app; sourceTree = BUILT_PRODUCTS_DIR; };
		18866E0422C3C3F700DBE997 /* AppDelegate.swift */ = {isa = PBXFileReference; lastKnownFileType = sourcecode.swift; path = AppDelegate.swift; sourceTree = "<group>"; };
		18866E0622C3C3F700DBE997 /* ViewController.swift */ = {isa = PBXFileReference; lastKnownFileType = sourcecode.swift; path = ViewController.swift; sourceTree = "<group>"; };
		18866E0C22C3C3F700DBE997 /* Calendar.xcdatamodel */ = {isa = PBXFileReference; lastKnownFileType = wrapper.xcdatamodel; path = Calendar.xcdatamodel; sourceTree = "<group>"; };
		18866E0E22C3C3F800DBE997 /* Assets.xcassets */ = {isa = PBXFileReference; lastKnownFileType = folder.assetcatalog; path = Assets.xcassets; sourceTree = "<group>"; };
		18866E1122C3C3F800DBE997 /* Base */ = {isa = PBXFileReference; lastKnownFileType = file.storyboard; name = Base; path = Base.lproj/LaunchScreen.storyboard; sourceTree = "<group>"; };
		18866E1322C3C3F800DBE997 /* Info.plist */ = {isa = PBXFileReference; lastKnownFileType = text.plist.xml; path = Info.plist; sourceTree = "<group>"; };
		18866E1822C3C3F900DBE997 /* CalendarTests.xctest */ = {isa = PBXFileReference; explicitFileType = wrapper.cfbundle; includeInIndex = 0; path = CalendarTests.xctest; sourceTree = BUILT_PRODUCTS_DIR; };
		18866E1C22C3C3F900DBE997 /* CalendarTests.swift */ = {isa = PBXFileReference; lastKnownFileType = sourcecode.swift; path = CalendarTests.swift; sourceTree = "<group>"; };
		18866E1E22C3C3F900DBE997 /* Info.plist */ = {isa = PBXFileReference; lastKnownFileType = text.plist.xml; path = Info.plist; sourceTree = "<group>"; };
		18866E2322C3C3F900DBE997 /* CalendarUITests.xctest */ = {isa = PBXFileReference; explicitFileType = wrapper.cfbundle; includeInIndex = 0; path = CalendarUITests.xctest; sourceTree = BUILT_PRODUCTS_DIR; };
		18866E2722C3C3F900DBE997 /* CalendarUITests.swift */ = {isa = PBXFileReference; lastKnownFileType = sourcecode.swift; path = CalendarUITests.swift; sourceTree = "<group>"; };
		18866E2922C3C3F900DBE997 /* Info.plist */ = {isa = PBXFileReference; lastKnownFileType = text.plist.xml; path = Info.plist; sourceTree = "<group>"; };
		18866E3522C3C5DF00DBE997 /* MonthView.swift */ = {isa = PBXFileReference; lastKnownFileType = sourcecode.swift; path = MonthView.swift; sourceTree = "<group>"; };
		18E8FA3C22C3E3EC000B2EC7 /* WeekdaysView.swift */ = {isa = PBXFileReference; lastKnownFileType = sourcecode.swift; path = WeekdaysView.swift; sourceTree = "<group>"; };
		18E8FA3E22C3E93C000B2EC7 /* CalendarView.swift */ = {isa = PBXFileReference; lastKnownFileType = sourcecode.swift; path = CalendarView.swift; sourceTree = "<group>"; };
/* End PBXFileReference section */

/* Begin PBXFrameworksBuildPhase section */
		18866DFE22C3C3F700DBE997 /* Frameworks */ = {
			isa = PBXFrameworksBuildPhase;
			buildActionMask = 2147483647;
			files = (
			);
			runOnlyForDeploymentPostprocessing = 0;
		};
		18866E1522C3C3F900DBE997 /* Frameworks */ = {
			isa = PBXFrameworksBuildPhase;
			buildActionMask = 2147483647;
			files = (
			);
			runOnlyForDeploymentPostprocessing = 0;
		};
		18866E2022C3C3F900DBE997 /* Frameworks */ = {
			isa = PBXFrameworksBuildPhase;
			buildActionMask = 2147483647;
			files = (
			);
			runOnlyForDeploymentPostprocessing = 0;
		};
/* End PBXFrameworksBuildPhase section */

/* Begin PBXGroup section */
		18866DF822C3C3F700DBE997 = {
			isa = PBXGroup;
			children = (
				18866E0322C3C3F700DBE997 /* Calendar */,
				18866E1B22C3C3F900DBE997 /* CalendarTests */,
				18866E2622C3C3F900DBE997 /* CalendarUITests */,
				18866E0222C3C3F700DBE997 /* Products */,
			);
			sourceTree = "<group>";
		};
		18866E0222C3C3F700DBE997 /* Products */ = {
			isa = PBXGroup;
			children = (
				18866E0122C3C3F700DBE997 /* Calendar.app */,
				18866E1822C3C3F900DBE997 /* CalendarTests.xctest */,
				18866E2322C3C3F900DBE997 /* CalendarUITests.xctest */,
			);
			name = Products;
			sourceTree = "<group>";
		};
		18866E0322C3C3F700DBE997 /* Calendar */ = {
			isa = PBXGroup;
			children = (
				18866E0422C3C3F700DBE997 /* AppDelegate.swift */,
				18866E3522C3C5DF00DBE997 /* MonthView.swift */,
				18E8FA3C22C3E3EC000B2EC7 /* WeekdaysView.swift */,
				18E8FA3E22C3E93C000B2EC7 /* CalendarView.swift */,
				18866E0622C3C3F700DBE997 /* ViewController.swift */,
				18866E0E22C3C3F800DBE997 /* Assets.xcassets */,
				18866E1022C3C3F800DBE997 /* LaunchScreen.storyboard */,
				18866E1322C3C3F800DBE997 /* Info.plist */,
				18866E0B22C3C3F700DBE997 /* Calendar.xcdatamodeld */,
			);
			path = Calendar;
			sourceTree = "<group>";
		};
		18866E1B22C3C3F900DBE997 /* CalendarTests */ = {
			isa = PBXGroup;
			children = (
				18866E1C22C3C3F900DBE997 /* CalendarTests.swift */,
				18866E1E22C3C3F900DBE997 /* Info.plist */,
			);
			path = CalendarTests;
			sourceTree = "<group>";
		};
		18866E2622C3C3F900DBE997 /* CalendarUITests */ = {
			isa = PBXGroup;
			children = (
				18866E2722C3C3F900DBE997 /* CalendarUITests.swift */,
				18866E2922C3C3F900DBE997 /* Info.plist */,
			);
			path = CalendarUITests;
			sourceTree = "<group>";
		};
/* End PBXGroup section */

/* Begin PBXNativeTarget section */
		18866E0022C3C3F700DBE997 /* Calendar */ = {
			isa = PBXNativeTarget;
			buildConfigurationList = 18866E2C22C3C3F900DBE997 /* Build configuration list for PBXNativeTarget "Calendar" */;
			buildPhases = (
				18866DFD22C3C3F700DBE997 /* Sources */,
				18866DFE22C3C3F700DBE997 /* Frameworks */,
				18866DFF22C3C3F700DBE997 /* Resources */,
			);
			buildRules = (
			);
			dependencies = (
			);
			name = Calendar;
			productName = Calendar;
			productReference = 18866E0122C3C3F700DBE997 /* Calendar.app */;
			productType = "com.apple.product-type.application";
		};
		18866E1722C3C3F900DBE997 /* CalendarTests */ = {
			isa = PBXNativeTarget;
			buildConfigurationList = 18866E2F22C3C3F900DBE997 /* Build configuration list for PBXNativeTarget "CalendarTests" */;
			buildPhases = (
				18866E1422C3C3F900DBE997 /* Sources */,
				18866E1522C3C3F900DBE997 /* Frameworks */,
				18866E1622C3C3F900DBE997 /* Resources */,
			);
			buildRules = (
			);
			dependencies = (
				18866E1A22C3C3F900DBE997 /* PBXTargetDependency */,
			);
			name = CalendarTests;
			productName = CalendarTests;
			productReference = 18866E1822C3C3F900DBE997 /* CalendarTests.xctest */;
			productType = "com.apple.product-type.bundle.unit-test";
		};
		18866E2222C3C3F900DBE997 /* CalendarUITests */ = {
			isa = PBXNativeTarget;
			buildConfigurationList = 18866E3222C3C3F900DBE997 /* Build configuration list for PBXNativeTarget "CalendarUITests" */;
			buildPhases = (
				18866E1F22C3C3F900DBE997 /* Sources */,
				18866E2022C3C3F900DBE997 /* Frameworks */,
				18866E2122C3C3F900DBE997 /* Resources */,
			);
			buildRules = (
			);
			dependencies = (
				18866E2522C3C3F900DBE997 /* PBXTargetDependency */,
			);
			name = CalendarUITests;
			productName = CalendarUITests;
			productReference = 18866E2322C3C3F900DBE997 /* CalendarUITests.xctest */;
			productType = "com.apple.product-type.bundle.ui-testing";
		};
/* End PBXNativeTarget section */

/* Begin PBXProject section */
		18866DF922C3C3F700DBE997 /* Project object */ = {
			isa = PBXProject;
			attributes = {
				LastSwiftUpdateCheck = 1020;
				LastUpgradeCheck = 1020;
				ORGANIZATIONNAME = Apple;
				TargetAttributes = {
					18866E0022C3C3F700DBE997 = {
						CreatedOnToolsVersion = 10.2.1;
					};
					18866E1722C3C3F900DBE997 = {
						CreatedOnToolsVersion = 10.2.1;
						TestTargetID = 18866E0022C3C3F700DBE997;
					};
					18866E2222C3C3F900DBE997 = {
						CreatedOnToolsVersion = 10.2.1;
						TestTargetID = 18866E0022C3C3F700DBE997;
					};
				};
			};
			buildConfigurationList = 18866DFC22C3C3F700DBE997 /* Build configuration list for PBXProject "Calendar" */;
			compatibilityVersion = "Xcode 9.3";
			developmentRegion = en;
			hasScannedForEncodings = 0;
			knownRegions = (
				en,
				Base,
			);
			mainGroup = 18866DF822C3C3F700DBE997;
			productRefGroup = 18866E0222C3C3F700DBE997 /* Products */;
			projectDirPath = "";
			projectRoot = "";
			targets = (
				18866E0022C3C3F700DBE997 /* Calendar */,
				18866E1722C3C3F900DBE997 /* CalendarTests */,
				18866E2222C3C3F900DBE997 /* CalendarUITests */,
			);
		};
/* End PBXProject section */

/* Begin PBXResourcesBuildPhase section */
		18866DFF22C3C3F700DBE997 /* Resources */ = {
			isa = PBXResourcesBuildPhase;
			buildActionMask = 2147483647;
			files = (
				18866E1222C3C3F800DBE997 /* LaunchScreen.storyboard in Resources */,
				18866E0F22C3C3F800DBE997 /* Assets.xcassets in Resources */,
			);
			runOnlyForDeploymentPostprocessing = 0;
		};
		18866E1622C3C3F900DBE997 /* Resources */ = {
			isa = PBXResourcesBuildPhase;
			buildActionMask = 2147483647;
			files = (
			);
			runOnlyForDeploymentPostprocessing = 0;
		};
		18866E2122C3C3F900DBE997 /* Resources */ = {
			isa = PBXResourcesBuildPhase;
			buildActionMask = 2147483647;
			files = (
			);
			runOnlyForDeploymentPostprocessing = 0;
		};
/* End PBXResourcesBuildPhase section */

/* Begin PBXSourcesBuildPhase section */
		18866DFD22C3C3F700DBE997 /* Sources */ = {
			isa = PBXSourcesBuildPhase;
			buildActionMask = 2147483647;
			files = (
				18866E0722C3C3F700DBE997 /* ViewController.swift in Sources */,
				18866E0D22C3C3F700DBE997 /* Calendar.xcdatamodeld in Sources */,
				18E8FA3F22C3E93C000B2EC7 /* CalendarView.swift in Sources */,
				18866E0522C3C3F700DBE997 /* AppDelegate.swift in Sources */,
				18E8FA3D22C3E3EC000B2EC7 /* WeekdaysView.swift in Sources */,
				18866E3622C3C5DF00DBE997 /* MonthView.swift in Sources */,
			);
			runOnlyForDeploymentPostprocessing = 0;
		};
		18866E1422C3C3F900DBE997 /* Sources */ = {
			isa = PBXSourcesBuildPhase;
			buildActionMask = 2147483647;
			files = (
				18866E1D22C3C3F900DBE997 /* CalendarTests.swift in Sources */,
			);
			runOnlyForDeploymentPostprocessing = 0;
		};
		18866E1F22C3C3F900DBE997 /* Sources */ = {
			isa = PBXSourcesBuildPhase;
			buildActionMask = 2147483647;
			files = (
				18866E2822C3C3F900DBE997 /* CalendarUITests.swift in Sources */,
			);
			runOnlyForDeploymentPostprocessing = 0;
		};
/* End PBXSourcesBuildPhase section */

/* Begin PBXTargetDependency section */
		18866E1A22C3C3F900DBE997 /* PBXTargetDependency */ = {
			isa = PBXTargetDependency;
			target = 18866E0022C3C3F700DBE997 /* Calendar */;
			targetProxy = 18866E1922C3C3F900DBE997 /* PBXContainerItemProxy */;
		};
		18866E2522C3C3F900DBE997 /* PBXTargetDependency */ = {
			isa = PBXTargetDependency;
			target = 18866E0022C3C3F700DBE997 /* Calendar */;
			targetProxy = 18866E2422C3C3F900DBE997 /* PBXContainerItemProxy */;
		};
/* End PBXTargetDependency section */

/* Begin PBXVariantGroup section */
		18866E1022C3C3F800DBE997 /* LaunchScreen.storyboard */ = {
			isa = PBXVariantGroup;
			children = (
				18866E1122C3C3F800DBE997 /* Base */,
			);
			name = LaunchScreen.storyboard;
			sourceTree = "<group>";
		};
/* End PBXVariantGroup section */

/* Begin XCBuildConfiguration section */
		18866E2A22C3C3F900DBE997 /* Debug */ = {
			isa = XCBuildConfiguration;
			buildSettings = {
				ALWAYS_SEARCH_USER_PATHS = NO;
				CLANG_ANALYZER_NONNULL = YES;
				CLANG_ANALYZER_NUMBER_OBJECT_CONVERSION = YES_AGGRESSIVE;
				CLANG_CXX_LANGUAGE_STANDARD = "gnu++14";
				CLANG_CXX_LIBRARY = "libc++";
				CLANG_ENABLE_MODULES = YES;
				CLANG_ENABLE_OBJC_ARC = YES;
				CLANG_ENABLE_OBJC_WEAK = YES;
				CLANG_WARN_BLOCK_CAPTURE_AUTORELEASING = YES;
				CLANG_WARN_BOOL_CONVERSION = YES;
				CLANG_WARN_COMMA = YES;
				CLANG_WARN_CONSTANT_CONVERSION = YES;
				CLANG_WARN_DEPRECATED_OBJC_IMPLEMENTATIONS = YES;
				CLANG_WARN_DIRECT_OBJC_ISA_USAGE = YES_ERROR;
				CLANG_WARN_DOCUMENTATION_COMMENTS = YES;
				CLANG_WARN_EMPTY_BODY = YES;
				CLANG_WARN_ENUM_CONVERSION = YES;
				CLANG_WARN_INFINITE_RECURSION = YES;
				CLANG_WARN_INT_CONVERSION = YES;
				CLANG_WARN_NON_LITERAL_NULL_CONVERSION = YES;
				CLANG_WARN_OBJC_IMPLICIT_RETAIN_SELF = YES;
				CLANG_WARN_OBJC_LITERAL_CONVERSION = YES;
				CLANG_WARN_OBJC_ROOT_CLASS = YES_ERROR;
				CLANG_WARN_RANGE_LOOP_ANALYSIS = YES;
				CLANG_WARN_STRICT_PROTOTYPES = YES;
				CLANG_WARN_SUSPICIOUS_MOVE = YES;
				CLANG_WARN_UNGUARDED_AVAILABILITY = YES_AGGRESSIVE;
				CLANG_WARN_UNREACHABLE_CODE = YES;
				CLANG_WARN__DUPLICATE_METHOD_MATCH = YES;
				CODE_SIGN_IDENTITY = "iPhone Developer";
				COPY_PHASE_STRIP = NO;
				DEBUG_INFORMATION_FORMAT = dwarf;
				ENABLE_STRICT_OBJC_MSGSEND = YES;
				ENABLE_TESTABILITY = YES;
				GCC_C_LANGUAGE_STANDARD = gnu11;
				GCC_DYNAMIC_NO_PIC = NO;
				GCC_NO_COMMON_BLOCKS = YES;
				GCC_OPTIMIZATION_LEVEL = 0;
				GCC_PREPROCESSOR_DEFINITIONS = (
					"DEBUG=1",
					"$(inherited)",
				);
				GCC_WARN_64_TO_32_BIT_CONVERSION = YES;
				GCC_WARN_ABOUT_RETURN_TYPE = YES_ERROR;
				GCC_WARN_UNDECLARED_SELECTOR = YES;
				GCC_WARN_UNINITIALIZED_AUTOS = YES_AGGRESSIVE;
				GCC_WARN_UNUSED_FUNCTION = YES;
				GCC_WARN_UNUSED_VARIABLE = YES;
				IPHONEOS_DEPLOYMENT_TARGET = 12.2;
				MTL_ENABLE_DEBUG_INFO = INCLUDE_SOURCE;
				MTL_FAST_MATH = YES;
				ONLY_ACTIVE_ARCH = YES;
				SDKROOT = iphoneos;
				SWIFT_ACTIVE_COMPILATION_CONDITIONS = DEBUG;
				SWIFT_OPTIMIZATION_LEVEL = "-Onone";
			};
			name = Debug;
		};
		18866E2B22C3C3F900DBE997 /* Release */ = {
			isa = XCBuildConfiguration;
			buildSettings = {
				ALWAYS_SEARCH_USER_PATHS = NO;
				CLANG_ANALYZER_NONNULL = YES;
				CLANG_ANALYZER_NUMBER_OBJECT_CONVERSION = YES_AGGRESSIVE;
				CLANG_CXX_LANGUAGE_STANDARD = "gnu++14";
				CLANG_CXX_LIBRARY = "libc++";
				CLANG_ENABLE_MODULES = YES;
				CLANG_ENABLE_OBJC_ARC = YES;
				CLANG_ENABLE_OBJC_WEAK = YES;
				CLANG_WARN_BLOCK_CAPTURE_AUTORELEASING = YES;
				CLANG_WARN_BOOL_CONVERSION = YES;
				CLANG_WARN_COMMA = YES;
				CLANG_WARN_CONSTANT_CONVERSION = YES;
				CLANG_WARN_DEPRECATED_OBJC_IMPLEMENTATIONS = YES;
				CLANG_WARN_DIRECT_OBJC_ISA_USAGE = YES_ERROR;
				CLANG_WARN_DOCUMENTATION_COMMENTS = YES;
				CLANG_WARN_EMPTY_BODY = YES;
				CLANG_WARN_ENUM_CONVERSION = YES;
				CLANG_WARN_INFINITE_RECURSION = YES;
				CLANG_WARN_INT_CONVERSION = YES;
				CLANG_WARN_NON_LITERAL_NULL_CONVERSION = YES;
				CLANG_WARN_OBJC_IMPLICIT_RETAIN_SELF = YES;
				CLANG_WARN_OBJC_LITERAL_CONVERSION = YES;
				CLANG_WARN_OBJC_ROOT_CLASS = YES_ERROR;
				CLANG_WARN_RANGE_LOOP_ANALYSIS = YES;
				CLANG_WARN_STRICT_PROTOTYPES = YES;
				CLANG_WARN_SUSPICIOUS_MOVE = YES;
				CLANG_WARN_UNGUARDED_AVAILABILITY = YES_AGGRESSIVE;
				CLANG_WARN_UNREACHABLE_CODE = YES;
				CLANG_WARN__DUPLICATE_METHOD_MATCH = YES;
				CODE_SIGN_IDENTITY = "iPhone Developer";
				COPY_PHASE_STRIP = NO;
				DEBUG_INFORMATION_FORMAT = "dwarf-with-dsym";
				ENABLE_NS_ASSERTIONS = NO;
				ENABLE_STRICT_OBJC_MSGSEND = YES;
				GCC_C_LANGUAGE_STANDARD = gnu11;
				GCC_NO_COMMON_BLOCKS = YES;
				GCC_WARN_64_TO_32_BIT_CONVERSION = YES;
				GCC_WARN_ABOUT_RETURN_TYPE = YES_ERROR;
				GCC_WARN_UNDECLARED_SELECTOR = YES;
				GCC_WARN_UNINITIALIZED_AUTOS = YES_AGGRESSIVE;
				GCC_WARN_UNUSED_FUNCTION = YES;
				GCC_WARN_UNUSED_VARIABLE = YES;
				IPHONEOS_DEPLOYMENT_TARGET = 12.2;
				MTL_ENABLE_DEBUG_INFO = NO;
				MTL_FAST_MATH = YES;
				SDKROOT = iphoneos;
				SWIFT_COMPILATION_MODE = wholemodule;
				SWIFT_OPTIMIZATION_LEVEL = "-O";
				VALIDATE_PRODUCT = YES;
			};
			name = Release;
		};
		18866E2D22C3C3F900DBE997 /* Debug */ = {
			isa = XCBuildConfiguration;
			buildSettings = {
				ASSETCATALOG_COMPILER_APPICON_NAME = AppIcon;
				CODE_SIGN_STYLE = Automatic;
				INFOPLIST_FILE = Calendar/Info.plist;
				LD_RUNPATH_SEARCH_PATHS = (
					"$(inherited)",
					"@executable_path/Frameworks",
				);
				PRODUCT_BUNDLE_IDENTIFIER = KWK.Calendar;
				PRODUCT_NAME = "$(TARGET_NAME)";
				SWIFT_VERSION = 5.0;
				TARGETED_DEVICE_FAMILY = "1,2";
			};
			name = Debug;
		};
		18866E2E22C3C3F900DBE997 /* Release */ = {
			isa = XCBuildConfiguration;
			buildSettings = {
				ASSETCATALOG_COMPILER_APPICON_NAME = AppIcon;
				CODE_SIGN_STYLE = Automatic;
				INFOPLIST_FILE = Calendar/Info.plist;
				LD_RUNPATH_SEARCH_PATHS = (
					"$(inherited)",
					"@executable_path/Frameworks",
				);
				PRODUCT_BUNDLE_IDENTIFIER = KWK.Calendar;
				PRODUCT_NAME = "$(TARGET_NAME)";
				SWIFT_VERSION = 5.0;
				TARGETED_DEVICE_FAMILY = "1,2";
			};
			name = Release;
		};
		18866E3022C3C3F900DBE997 /* Debug */ = {
			isa = XCBuildConfiguration;
			buildSettings = {
				ALWAYS_EMBED_SWIFT_STANDARD_LIBRARIES = YES;
				BUNDLE_LOADER = "$(TEST_HOST)";
				CODE_SIGN_STYLE = Automatic;
				INFOPLIST_FILE = CalendarTests/Info.plist;
				LD_RUNPATH_SEARCH_PATHS = (
					"$(inherited)",
					"@executable_path/Frameworks",
					"@loader_path/Frameworks",
				);
				PRODUCT_BUNDLE_IDENTIFIER = KWK.CalendarTests;
				PRODUCT_NAME = "$(TARGET_NAME)";
				SWIFT_VERSION = 5.0;
				TARGETED_DEVICE_FAMILY = "1,2";
				TEST_HOST = "$(BUILT_PRODUCTS_DIR)/Calendar.app/Calendar";
			};
			name = Debug;
		};
		18866E3122C3C3F900DBE997 /* Release */ = {
			isa = XCBuildConfiguration;
			buildSettings = {
				ALWAYS_EMBED_SWIFT_STANDARD_LIBRARIES = YES;
				BUNDLE_LOADER = "$(TEST_HOST)";
				CODE_SIGN_STYLE = Automatic;
				INFOPLIST_FILE = CalendarTests/Info.plist;
				LD_RUNPATH_SEARCH_PATHS = (
					"$(inherited)",
					"@executable_path/Frameworks",
					"@loader_path/Frameworks",
				);
				PRODUCT_BUNDLE_IDENTIFIER = KWK.CalendarTests;
				PRODUCT_NAME = "$(TARGET_NAME)";
				SWIFT_VERSION = 5.0;
				TARGETED_DEVICE_FAMILY = "1,2";
				TEST_HOST = "$(BUILT_PRODUCTS_DIR)/Calendar.app/Calendar";
			};
			name = Release;
		};
		18866E3322C3C3F900DBE997 /* Debug */ = {
			isa = XCBuildConfiguration;
			buildSettings = {
				ALWAYS_EMBED_SWIFT_STANDARD_LIBRARIES = YES;
				CODE_SIGN_STYLE = Automatic;
				INFOPLIST_FILE = CalendarUITests/Info.plist;
				LD_RUNPATH_SEARCH_PATHS = (
					"$(inherited)",
					"@executable_path/Frameworks",
					"@loader_path/Frameworks",
				);
				PRODUCT_BUNDLE_IDENTIFIER = KWK.CalendarUITests;
				PRODUCT_NAME = "$(TARGET_NAME)";
				SWIFT_VERSION = 5.0;
				TARGETED_DEVICE_FAMILY = "1,2";
				TEST_TARGET_NAME = Calendar;
			};
			name = Debug;
		};
		18866E3422C3C3F900DBE997 /* Release */ = {
			isa = XCBuildConfiguration;
			buildSettings = {
				ALWAYS_EMBED_SWIFT_STANDARD_LIBRARIES = YES;
				CODE_SIGN_STYLE = Automatic;
				INFOPLIST_FILE = CalendarUITests/Info.plist;
				LD_RUNPATH_SEARCH_PATHS = (
					"$(inherited)",
					"@executable_path/Frameworks",
					"@loader_path/Frameworks",
				);
				PRODUCT_BUNDLE_IDENTIFIER = KWK.CalendarUITests;
				PRODUCT_NAME = "$(TARGET_NAME)";
				SWIFT_VERSION = 5.0;
				TARGETED_DEVICE_FAMILY = "1,2";
				TEST_TARGET_NAME = Calendar;
			};
			name = Release;
		};
/* End XCBuildConfiguration section */

/* Begin XCConfigurationList section */
		18866DFC22C3C3F700DBE997 /* Build configuration list for PBXProject "Calendar" */ = {
			isa = XCConfigurationList;
			buildConfigurations = (
				18866E2A22C3C3F900DBE997 /* Debug */,
				18866E2B22C3C3F900DBE997 /* Release */,
			);
			defaultConfigurationIsVisible = 0;
			defaultConfigurationName = Release;
		};
		18866E2C22C3C3F900DBE997 /* Build configuration list for PBXNativeTarget "Calendar" */ = {
			isa = XCConfigurationList;
			buildConfigurations = (
				18866E2D22C3C3F900DBE997 /* Debug */,
				18866E2E22C3C3F900DBE997 /* Release */,
			);
			defaultConfigurationIsVisible = 0;
			defaultConfigurationName = Release;
		};
		18866E2F22C3C3F900DBE997 /* Build configuration list for PBXNativeTarget "CalendarTests" */ = {
			isa = XCConfigurationList;
			buildConfigurations = (
				18866E3022C3C3F900DBE997 /* Debug */,
				18866E3122C3C3F900DBE997 /* Release */,
			);
			defaultConfigurationIsVisible = 0;
			defaultConfigurationName = Release;
		};
		18866E3222C3C3F900DBE997 /* Build configuration list for PBXNativeTarget "CalendarUITests" */ = {
			isa = XCConfigurationList;
			buildConfigurations = (
				18866E3322C3C3F900DBE997 /* Debug */,
				18866E3422C3C3F900DBE997 /* Release */,
			);
			defaultConfigurationIsVisible = 0;
			defaultConfigurationName = Release;
		};
/* End XCConfigurationList section */

/* Begin XCVersionGroup section */
		18866E0B22C3C3F700DBE997 /* Calendar.xcdatamodeld */ = {
			isa = XCVersionGroup;
			children = (
				18866E0C22C3C3F700DBE997 /* Calendar.xcdatamodel */,
			);
			currentVersion = 18866E0C22C3C3F700DBE997 /* Calendar.xcdatamodel */;
			path = Calendar.xcdatamodeld;
			sourceTree = "<group>";
			versionGroupType = wrapper.xcdatamodel;
		};
/* End XCVersionGroup section */
	};
	rootObject = 18866DF922C3C3F700DBE997 /* Project object */;
}
